
Microsoft Visual Studio Solution File, Format Version 12.00
# Visual Studio Version 16
VisualStudioVersion = 16.0.31019.35
MinimumVisualStudioVersion = 10.0.40219.1
Project("{FAE04EC0-301F-11D3-BF4B-00C04F79EFBC}") = "Worker Data", "Worker Data.csproj", "{DAF2CA65-E790-4416-AD7D-BFE093E14417}"
EndProject
Global
	GlobalSection(SolutionConfigurationPlatforms) = preSolution
		Debug|Any CPU = Debug|Any CPU
		Release|Any CPU = Release|Any CPU
	EndGlobalSection
	GlobalSection(ProjectConfigurationPlatforms) = postSolution
		{DAF2CA65-E790-4416-AD7D-BFE093E14417}.Debug|Any CPU.ActiveCfg = Debug|Any CPU
		{DAF2CA65-E790-4416-AD7D-BFE093E14417}.Debug|Any CPU.Build.0 = Debug|Any CPU
		{DAF2CA65-E790-4416-AD7D-BFE093E14417}.Release|Any CPU.ActiveCfg = Release|Any CPU
		{DAF2CA65-E790-4416-AD7D-BFE093E14417}.Release|Any CPU.Build.0 = Release|Any CPU
	EndGlobalSection
	GlobalSection(SolutionProperties) = preSolution
		HideSolutionNode = FALSE
	EndGlobalSection
	GlobalSection(ExtensibilityGlobals) = postSolution
		SolutionGuid = {85E01231-C196-464C-9264-0487FAF7B987}
	EndGlobalSection
EndGlobal
